{
  "name": "jsonp",
  "version": "1.0.0",
  "lockfileVersion": 2,
  "requires": true,
  "packages": {
    "": {
      "name": "jsonp",
      "version": "1.0.0",
      "license": "ISC",
      "dependencies": {
        "CBuffer": "^2.2.0",
        "eastasianwidth": "^0.2.0",
        "jquery": "^3.6.1"
      },
      "devDependencies": {}
    },
    "node_modules/CBuffer": {
      "version": "2.2.0",
      "resolved": "https://registry.npmjs.org/CBuffer/-/CBuffer-2.2.0.tgz",
      "integrity": "sha512-dbfGsL/kaEA07tNX4NdUPwToq/elfc+4IbDnq5INOl+LmYlaAqfTXqwnDCfvUeYtO78Ts2WhaCOUn3bSZgDwZA=="
    },
    "node_modules/eastasianwidth": {
      "version": "0.2.0",
      "resolved": "https://registry.npmjs.org/eastasianwidth/-/eastasianwidth-0.2.0.tgz",
      "integrity": "sha512-I88TYZWc9XiYHRQ4/3c5rjjfgkjhLyW2luGIheGERbNQ6OY7yTybanSpDXZa8y7VUP9YmDcYa+eyq4ca7iLqWA=="
    },
    "node_modules/jquery": {
      "version": "3.6.1",
      "resolved": "https://registry.npmjs.org/jquery/-/jquery-3.6.1.tgz",
      "integrity": "sha512-opJeO4nCucVnsjiXOE+/PcCgYw9Gwpvs/a6B1LL/lQhwWwpbVEVYDZ1FokFr8PRc7ghYlrFPuyHuiiDNTQxmcw=="
    }
  },
  "dependencies": {
    "CBuffer": {
      "version": "2.2.0",
      "resolved": "https://registry.npmjs.org/CBuffer/-/CBuffer-2.2.0.tgz",
      "integrity": "sha512-dbfGsL/kaEA07tNX4NdUPwToq/elfc+4IbDnq5INOl+LmYlaAqfTXqwnDCfvUeYtO78Ts2WhaCOUn3bSZgDwZA=="
    },
    "eastasianwidth": {
      "version": "0.2.0",
      "resolved": "https://registry.npmjs.org/eastasianwidth/-/eastasianwidth-0.2.0.tgz",
      "integrity": "sha512-I88TYZWc9XiYHRQ4/3c5rjjfgkjhLyW2luGIheGERbNQ6OY7yTybanSpDXZa8y7VUP9YmDcYa+eyq4ca7iLqWA=="
    },
    "jquery": {
      "version": "3.6.1",
      "resolved": "https://registry.npmjs.org/jquery/-/jquery-3.6.1.tgz",
      "integrity": "sha512-opJeO4nCucVnsjiXOE+/PcCgYw9Gwpvs/a6B1LL/lQhwWwpbVEVYDZ1FokFr8PRc7ghYlrFPuyHuiiDNTQxmcw=="
    }
  }
}
